
Microsoft Visual Studio Solution File, Format Version 12.00
# Visual Studio 15
VisualStudioVersion = 15.0.28010.2026
MinimumVisualStudioVersion = 10.0.40219.1
Project("{2150E333-8FDC-42A3-9474-1A3956D46DE8}") = "src", "src", "{23F90B3A-663A-460D-9A91-D8D4F6A4A7E3}"
EndProject
Project("{2150E333-8FDC-42A3-9474-1A3956D46DE8}") = "Services", "Services", "{667D1840-E2A4-44F7-8D99-585BC84E2E11}"
EndProject
Project("{2150E333-8FDC-42A3-9474-1A3956D46DE8}") = "Proposing", "Proposing", "{EEB4A9FB-FC61-4F0E-BD1F-54180F7425F3}"
EndProject
Project("{9A19103F-16F7-4668-BE54-9A1E7A4F7556}") = "Proposing.API", "src\Services\Proposing\Proposing.API\Proposing.API.csproj", "{AB99A4D6-43A5-4910-B83E-51AF49F28D98}"
EndProject
Project("{9A19103F-16F7-4668-BE54-9A1E7A4F7556}") = "Proposing.Domain", "src\Services\Proposing\Proposing.Domain\Proposing.Domain.csproj", "{EF8954FE-0095-427A-A656-641F100788EF}"
EndProject
Project("{2150E333-8FDC-42A3-9474-1A3956D46DE8}") = "Tests", "Tests", "{83294552-2996-427B-A9F2-52DB5FD81FE1}"
EndProject
Project("{9A19103F-16F7-4668-BE54-9A1E7A4F7556}") = "Proposing.IntegrationTests", "src\Services\Proposing\Proposing.IntegrationTests\Proposing.IntegrationTests.csproj", "{98003A42-F4EB-4042-AB81-9C47CE9D100E}"
EndProject
Project("{2150E333-8FDC-42A3-9474-1A3956D46DE8}") = "ApiGateway", "ApiGateway", "{58223F0D-8594-44C8-90DC-33A2C04D5320}"
EndProject
Project("{FAE04EC0-301F-11D3-BF4B-00C04F79EFBC}") = "Sales.Bff", "src\ApiGateway\GraphQL.Bff\Sales.Bff.csproj", "{EA440A82-8173-47CB-9AF4-E80A6A42621F}"
EndProject
Global
	GlobalSection(SolutionConfigurationPlatforms) = preSolution
		Debug|Any CPU = Debug|Any CPU
		Release|Any CPU = Release|Any CPU
	EndGlobalSection
	GlobalSection(ProjectConfigurationPlatforms) = postSolution
		{AB99A4D6-43A5-4910-B83E-51AF49F28D98}.Debug|Any CPU.ActiveCfg = Debug|Any CPU
		{AB99A4D6-43A5-4910-B83E-51AF49F28D98}.Debug|Any CPU.Build.0 = Debug|Any CPU
		{AB99A4D6-43A5-4910-B83E-51AF49F28D98}.Release|Any CPU.ActiveCfg = Release|Any CPU
		{AB99A4D6-43A5-4910-B83E-51AF49F28D98}.Release|Any CPU.Build.0 = Release|Any CPU
		{EF8954FE-0095-427A-A656-641F100788EF}.Debug|Any CPU.ActiveCfg = Debug|Any CPU
		{EF8954FE-0095-427A-A656-641F100788EF}.Debug|Any CPU.Build.0 = Debug|Any CPU
		{EF8954FE-0095-427A-A656-641F100788EF}.Release|Any CPU.ActiveCfg = Release|Any CPU
		{EF8954FE-0095-427A-A656-641F100788EF}.Release|Any CPU.Build.0 = Release|Any CPU
		{98003A42-F4EB-4042-AB81-9C47CE9D100E}.Debug|Any CPU.ActiveCfg = Debug|Any CPU
		{98003A42-F4EB-4042-AB81-9C47CE9D100E}.Debug|Any CPU.Build.0 = Debug|Any CPU
		{98003A42-F4EB-4042-AB81-9C47CE9D100E}.Release|Any CPU.ActiveCfg = Release|Any CPU
		{98003A42-F4EB-4042-AB81-9C47CE9D100E}.Release|Any CPU.Build.0 = Release|Any CPU
		{EA440A82-8173-47CB-9AF4-E80A6A42621F}.Debug|Any CPU.ActiveCfg = Debug|Any CPU
		{EA440A82-8173-47CB-9AF4-E80A6A42621F}.Debug|Any CPU.Build.0 = Debug|Any CPU
		{EA440A82-8173-47CB-9AF4-E80A6A42621F}.Release|Any CPU.ActiveCfg = Release|Any CPU
		{EA440A82-8173-47CB-9AF4-E80A6A42621F}.Release|Any CPU.Build.0 = Release|Any CPU
	EndGlobalSection
	GlobalSection(SolutionProperties) = preSolution
		HideSolutionNode = FALSE
	EndGlobalSection
	GlobalSection(NestedProjects) = preSolution
		{667D1840-E2A4-44F7-8D99-585BC84E2E11} = {23F90B3A-663A-460D-9A91-D8D4F6A4A7E3}
		{EEB4A9FB-FC61-4F0E-BD1F-54180F7425F3} = {667D1840-E2A4-44F7-8D99-585BC84E2E11}
		{AB99A4D6-43A5-4910-B83E-51AF49F28D98} = {EEB4A9FB-FC61-4F0E-BD1F-54180F7425F3}
		{EF8954FE-0095-427A-A656-641F100788EF} = {EEB4A9FB-FC61-4F0E-BD1F-54180F7425F3}
		{83294552-2996-427B-A9F2-52DB5FD81FE1} = {EEB4A9FB-FC61-4F0E-BD1F-54180F7425F3}
		{98003A42-F4EB-4042-AB81-9C47CE9D100E} = {83294552-2996-427B-A9F2-52DB5FD81FE1}
		{58223F0D-8594-44C8-90DC-33A2C04D5320} = {23F90B3A-663A-460D-9A91-D8D4F6A4A7E3}
		{EA440A82-8173-47CB-9AF4-E80A6A42621F} = {58223F0D-8594-44C8-90DC-33A2C04D5320}
	EndGlobalSection
	GlobalSection(ExtensibilityGlobals) = postSolution
		SolutionGuid = {8CB0B430-474E-4F9E-BBB0-F27698382C80}
	EndGlobalSection
EndGlobal
